<?xml version="1.0" encoding="utf-8"?>
<Project ToolsVersion="4.0" xmlns="http://schemas.microsoft.com/developer/msbuild/2003">
  <ItemGroup>
    <Filter Include="Source Files">
      <UniqueIdentifier>{4FC737F1-C7A5-4376-A066-2A32D752A2FF}</UniqueIdentifier>
      <Extensions>cpp;c;cc;cxx;def;odl;idl;hpj;bat;asm;asmx</Extensions>
    </Filter>
    <Filter Include="Header Files">
      <UniqueIdentifier>{93995380-89BD-4b04-88EB-625FBE52EBFB}</UniqueIdentifier>
      <Extensions>h;hh;hpp;hxx;hm;inl;inc;xsd</Extensions>
    </Filter>
    <Filter Include="Resource Files">
      <UniqueIdentifier>{67DA6AB6-F800-4c08-8B7A-83BB121AAD01}</UniqueIdentifier>
      <Extensions>rc;ico;cur;bmp;dlg;rc2;rct;bin;rgs;gif;jpg;jpeg;jpe;resx;tiff;tif;png;wav;mfcribbon-ms</Extensions>
    </Filter>
    <Filter Include="Shader Files">
      <UniqueIdentifier>{4c160cdb-a8e0-4da5-a5f6-4dc7b1fa7b19}</UniqueIdentifier>
      <Extensions>hlsl</Extensions>
    </Filter>
    <Filter Include="Header Files\Helpers">
      <UniqueIdentifier>{287ab74c-ebbf-4992-a15e-90abeeed10ac}</UniqueIdentifier>
    </Filter>
    <Filter Include="Header Files\Shaders">
      <UniqueIdentifier>{36a2fc57-f815-413b-bad2-eb23e49bbbc5}</UniqueIdentifier>
    </Filter>
    <Filter Include="Source Files\Shaders">
      <UniqueIdentifier>{f5c85895-c815-4bdc-839a-72f5fd868ae4}</UniqueIdentifier>
    </Filter>
    <Filter Include="Source Files\Helpers">
      <UniqueIdentifier>{4ec5ab40-b95d-4899-964f-73841be7898e}</UniqueIdentifier>
    </Filter>
    <Filter Include="Shader Files\Particle Shaders">
      <UniqueIdentifier>{9808cdbb-4a53-47be-b083-52da729de6d2}</UniqueIdentifier>
    </Filter>
    <Filter Include="Shader Files\Particle Shaders\Fire">
      <UniqueIdentifier>{5becc0c6-9b69-4bdf-aa89-22ad10a63346}</UniqueIdentifier>
    </Filter>
    <Filter Include="Shader Files\Particle Shaders\Rain">
      <UniqueIdentifier>{6d30ac6e-e1ea-4725-8795-4d1373cd6384}</UniqueIdentifier>
    </Filter>
    <Filter Include="Shader Files\Particle Shaders\Fireworks">
      <UniqueIdentifier>{4fe926c1-e1a3-421f-9486-5728a0fc6f68}</UniqueIdentifier>
    </Filter>
  </ItemGroup>
  <ItemGroup>
    <ClCompile Include="wmain.cpp">
      <Filter>Source Files</Filter>
    </ClCompile>
    <ClCompile Include="Game.cpp">
      <Filter>Source Files</Filter>
    </ClCompile>
    <ClCompile Include="HRTimer.cpp">
      <Filter>Source Files</Filter>
    </ClCompile>
    <ClCompile Include="Model.cpp">
      <Filter>Source Files</Filter>
    </ClCompile>
    <ClCompile Include="Square.cpp">
      <Filter>Source Files</Filter>
    </ClCompile>
    <ClCompile Include="DefaultShader.cpp">
      <Filter>Source Files\Shaders</Filter>
    </ClCompile>
    <ClCompile Include="C2DShader.cpp">
      <Filter>Source Files\Shaders</Filter>
    </ClCompile>
    <ClCompile Include="commonincludes.cpp">
      <Filter>Source Files\Helpers</Filter>
    </ClCompile>
    <ClCompile Include="Texture.cpp">
      <Filter>Source Files</Filter>
    </ClCompile>
    <ClCompile Include="Font.cpp">
      <Filter>Source Files</Filter>
    </ClCompile>
    <ClCompile Include="Text.cpp">
      <Filter>Source Files</Filter>
    </ClCompile>
    <ClCompile Include="Input.cpp">
      <Filter>Source Files</Filter>
    </ClCompile>
    <ClCompile Include="Camera.cpp">
      <Filter>Source Files</Filter>
    </ClCompile>
    <ClCompile Include="C3DShader.cpp">
      <Filter>Source Files\Shaders</Filter>
    </ClCompile>
    <ClCompile Include="Terrain.cpp">
      <Filter>Source Files</Filter>
    </ClCompile>
    <ClCompile Include="CLineManager.cpp">
      <Filter>Source Files</Filter>
    </ClCompile>
    <ClCompile Include="LineShader.cpp">
      <Filter>Source Files\Shaders</Filter>
    </ClCompile>
    <ClCompile Include="QuadTree.cpp">
      <Filter>Source Files</Filter>
    </ClCompile>
    <ClCompile Include="gameglobals.cpp">
      <Filter>Source Files\Helpers</Filter>
    </ClCompile>
    <ClCompile Include="RenderTexture.cpp">
      <Filter>Source Files</Filter>
    </ClCompile>
    <ClCompile Include="SkyShader.cpp">
      <Filter>Source Files\Shaders</Filter>
    </ClCompile>
    <ClCompile Include="SkyPlaneShader.cpp">
      <Filter>Source Files\Shaders</Filter>
    </ClCompile>
    <ClCompile Include="CloudPlane.cpp">
      <Filter>Source Files</Filter>
    </ClCompile>
    <ClCompile Include="Skydome.cpp">
      <Filter>Source Files</Filter>
    </ClCompile>
    <ClCompile Include="DepthShader.cpp">
      <Filter>Source Files\Shaders</Filter>
    </ClCompile>
    <ClCompile Include="Water.cpp">
      <Filter>Source Files</Filter>
    </ClCompile>
    <ClCompile Include="WaterShader.cpp">
      <Filter>Source Files\Shaders</Filter>
    </ClCompile>
    <ClCompile Include="Utilities.cpp">
      <Filter>Source Files\Helpers</Filter>
    </ClCompile>
    <ClCompile Include="ParticleShader.cpp">
      <Filter>Source Files\Shaders</Filter>
    </ClCompile>
    <ClCompile Include="ParticleSystem.cpp">
      <Filter>Source Files</Filter>
    </ClCompile>
    <ClCompile Include="ProjectiveTexturingShader.cpp">
      <Filter>Source Files\Shaders</Filter>
    </ClCompile>
  </ItemGroup>
  <ItemGroup>
    <ClInclude Include="Game.h">
      <Filter>Header Files</Filter>
    </ClInclude>
    <ClInclude Include="HRTimer.h">
      <Filter>Header Files</Filter>
    </ClInclude>
    <ClInclude Include="ShaderHelper.h">
      <Filter>Header Files\Helpers</Filter>
    </ClInclude>
    <ClInclude Include="Model.h">
      <Filter>Header Files</Filter>
    </ClInclude>
    <ClInclude Include="Square.h">
      <Filter>Header Files</Filter>
    </ClInclude>
    <ClInclude Include="DefaultShader.h">
      <Filter>Header Files\Shaders</Filter>
    </ClInclude>
    <ClInclude Include="C2DShader.h">
      <Filter>Header Files\Shaders</Filter>
    </ClInclude>
    <ClInclude Include="Texture.h">
      <Filter>Header Files</Filter>
    </ClInclude>
    <ClInclude Include="Font.h">
      <Filter>Header Files</Filter>
    </ClInclude>
    <ClInclude Include="Text.h">
      <Filter>Header Files</Filter>
    </ClInclude>
    <ClInclude Include="Input.h">
      <Filter>Header Files</Filter>
    </ClInclude>
    <ClInclude Include="Camera.h">
      <Filter>Header Files</Filter>
    </ClInclude>
    <ClInclude Include="C3DShader.h">
      <Filter>Header Files\Shaders</Filter>
    </ClInclude>
    <ClInclude Include="Terrain.h">
      <Filter>Header Files</Filter>
    </ClInclude>
    <ClInclude Include="FrustumHelper.h">
      <Filter>Header Files\Helpers</Filter>
    </ClInclude>
    <ClInclude Include="CLineManager.h">
      <Filter>Header Files</Filter>
    </ClInclude>
    <ClInclude Include="LineShader.h">
      <Filter>Header Files\Shaders</Filter>
    </ClInclude>
    <ClInclude Include="QuadTree.h">
      <Filter>Header Files</Filter>
    </ClInclude>
    <ClInclude Include="commonmath.h">
      <Filter>Header Files\Helpers</Filter>
    </ClInclude>
    <ClInclude Include="gameglobals.h">
      <Filter>Header Files\Helpers</Filter>
    </ClInclude>
    <ClInclude Include="RenderTexture.h">
      <Filter>Header Files</Filter>
    </ClInclude>
    <ClInclude Include="SkyShader.h">
      <Filter>Header Files\Shaders</Filter>
    </ClInclude>
    <ClInclude Include="GeometryHelper.h">
      <Filter>Header Files\Helpers</Filter>
    </ClInclude>
    <ClInclude Include="SkyPlaneShader.h">
      <Filter>Header Files\Shaders</Filter>
    </ClInclude>
    <ClInclude Include="CloudPlane.h">
      <Filter>Header Files</Filter>
    </ClInclude>
    <ClInclude Include="Skydome.h">
      <Filter>Header Files</Filter>
    </ClInclude>
    <ClInclude Include="DepthShader.h">
      <Filter>Header Files\Shaders</Filter>
    </ClInclude>
    <ClInclude Include="Water.h">
      <Filter>Header Files</Filter>
    </ClInclude>
    <ClInclude Include="WaterShader.h">
      <Filter>Header Files\Shaders</Filter>
    </ClInclude>
    <ClInclude Include="Utilities.h">
      <Filter>Header Files\Helpers</Filter>
    </ClInclude>
    <ClInclude Include="ParticleShader.h">
      <Filter>Header Files\Shaders</Filter>
    </ClInclude>
    <ClInclude Include="ParticleSystem.h">
      <Filter>Header Files</Filter>
    </ClInclude>
    <ClInclude Include="ProjectiveTexturingShader.h">
      <Filter>Header Files\Shaders</Filter>
    </ClInclude>
    <ClInclude Include="Projector.h">
      <Filter>Header Files</Filter>
    </ClInclude>
  </ItemGroup>
  <ItemGroup>
    <FxCompile Include="VertexShader.hlsl">
      <Filter>Shader Files</Filter>
    </FxCompile>
    <FxCompile Include="PixelShader.hlsl">
      <Filter>Shader Files</Filter>
    </FxCompile>
    <FxCompile Include="2DPixelShader.hlsl">
      <Filter>Shader Files</Filter>
    </FxCompile>
    <FxCompile Include="2DVertexShader.hlsl">
      <Filter>Shader Files</Filter>
    </FxCompile>
    <FxCompile Include="3DVertexShader.hlsl">
      <Filter>Shader Files</Filter>
    </FxCompile>
    <FxCompile Include="3DPixelShader.hlsl">
      <Filter>Shader Files</Filter>
    </FxCompile>
    <FxCompile Include="LineVertexShader.hlsl">
      <Filter>Shader Files</Filter>
    </FxCompile>
    <FxCompile Include="LinePixelShader.hlsl">
      <Filter>Shader Files</Filter>
    </FxCompile>
    <FxCompile Include="SkyVertexShader.hlsl">
      <Filter>Shader Files</Filter>
    </FxCompile>
    <FxCompile Include="SkyPixelShader.hlsl">
      <Filter>Shader Files</Filter>
    </FxCompile>
    <FxCompile Include="SkyPlaneVertexShader.hlsl">
      <Filter>Shader Files</Filter>
    </FxCompile>
    <FxCompile Include="SkyPlanePixelShader.hlsl">
      <Filter>Shader Files</Filter>
    </FxCompile>
    <FxCompile Include="DepthVertexShader.hlsl">
      <Filter>Shader Files</Filter>
    </FxCompile>
    <FxCompile Include="DepthPixelShader.hlsl">
      <Filter>Shader Files</Filter>
    </FxCompile>
    <FxCompile Include="WaterVertexShader.hlsl">
      <Filter>Shader Files</Filter>
    </FxCompile>
    <FxCompile Include="WaterPixelShader.hlsl">
      <Filter>Shader Files</Filter>
    </FxCompile>
    <FxCompile Include="FireRGeometryShader.hlsl">
      <Filter>Shader Files\Particle Shaders\Fire</Filter>
    </FxCompile>
    <FxCompile Include="FireRPixelShader.hlsl">
      <Filter>Shader Files\Particle Shaders\Fire</Filter>
    </FxCompile>
    <FxCompile Include="FireRVertexShader.hlsl">
      <Filter>Shader Files\Particle Shaders\Fire</Filter>
    </FxCompile>
    <FxCompile Include="FireSOGeometryShader.hlsl">
      <Filter>Shader Files\Particle Shaders\Fire</Filter>
    </FxCompile>
    <FxCompile Include="FireSOVertexShader.hlsl">
      <Filter>Shader Files\Particle Shaders\Fire</Filter>
    </FxCompile>
    <FxCompile Include="RainRGeometryShader.hlsl">
      <Filter>Shader Files\Particle Shaders\Rain</Filter>
    </FxCompile>
    <FxCompile Include="RainRPixelShader.hlsl">
      <Filter>Shader Files\Particle Shaders\Rain</Filter>
    </FxCompile>
    <FxCompile Include="RainRVertexShader.hlsl">
      <Filter>Shader Files\Particle Shaders\Rain</Filter>
    </FxCompile>
    <FxCompile Include="RainSOGeometryShader.hlsl">
      <Filter>Shader Files\Particle Shaders\Rain</Filter>
    </FxCompile>
    <FxCompile Include="RainSOVertexShader.hlsl">
      <Filter>Shader Files\Particle Shaders\Rain</Filter>
    </FxCompile>
    <FxCompile Include="FireworksSOVertexShader.hlsl">
      <Filter>Shader Files\Particle Shaders\Fireworks</Filter>
    </FxCompile>
    <FxCompile Include="FireworksSOGeometryShader.hlsl">
      <Filter>Shader Files\Particle Shaders\Fireworks</Filter>
    </FxCompile>
    <FxCompile Include="FireworksRGeometryShader.hlsl">
      <Filter>Shader Files\Particle Shaders\Fireworks</Filter>
    </FxCompile>
    <FxCompile Include="FireworksRVertexShader.hlsl">
      <Filter>Shader Files\Particle Shaders\Fireworks</Filter>
    </FxCompile>
    <FxCompile Include="FireworksRPixelShader.hlsl">
      <Filter>Shader Files\Particle Shaders\Fireworks</Filter>
    </FxCompile>
    <FxCompile Include="ProjectiveTexturingVertexShader.hlsl">
      <Filter>Shader Files</Filter>
    </FxCompile>
    <FxCompile Include="ProjectiveTexturingPixelShader.hlsl">
      <Filter>Shader Files</Filter>
    </FxCompile>
  </ItemGroup>
  <ItemGroup>
    <None Include="commonincludes.h">
      <Filter>Header Files\Helpers</Filter>
    </None>
    <None Include="Fire.hlsli">
      <Filter>Shader Files\Particle Shaders\Fire</Filter>
    </None>
    <None Include="Rain.hlsli">
      <Filter>Shader Files\Particle Shaders\Rain</Filter>
    </None>
    <None Include="Fireworks.hlsli">
      <Filter>Shader Files\Particle Shaders\Fireworks</Filter>
    </None>
  </ItemGroup>
</Project>